
Microsoft Visual Studio Solution File, Format Version 12.00
# Visual Studio Version 16
VisualStudioVersion = 16.0.31424.327
MinimumVisualStudioVersion = 10.0.40219.1
Project("{FAE04EC0-301F-11D3-BF4B-00C04F79EFBC}") = "MonoGame.Randomchaos.Interfaces", "MonoGame.Randomchaos.Interfaces.csproj", "{A6B8900A-AEF6-4464-99E5-8704BD5FAA68}"
EndProject
Global
	GlobalSection(SolutionConfigurationPlatforms) = preSolution
		Debug|Any CPU = Debug|Any CPU
		Release|Any CPU = Release|Any CPU
	EndGlobalSection
	GlobalSection(ProjectConfigurationPlatforms) = postSolution
		{A6B8900A-AEF6-4464-99E5-8704BD5FAA68}.Debug|Any CPU.ActiveCfg = Debug|Any CPU
		{A6B8900A-AEF6-4464-99E5-8704BD5FAA68}.Debug|Any CPU.Build.0 = Debug|Any CPU
		{A6B8900A-AEF6-4464-99E5-8704BD5FAA68}.Release|Any CPU.ActiveCfg = Release|Any CPU
		{A6B8900A-AEF6-4464-99E5-8704BD5FAA68}.Release|Any CPU.Build.0 = Release|Any CPU
	EndGlobalSection
	GlobalSection(SolutionProperties) = preSolution
		HideSolutionNode = FALSE
	EndGlobalSection
	GlobalSection(ExtensibilityGlobals) = postSolution
		SolutionGuid = {4AA4FD34-4B07-4940-88E2-77DBDBB6FBC9}
	EndGlobalSection
EndGlobal
