
Microsoft Visual Studio Solution File, Format Version 12.00
# Visual Studio Version 17
VisualStudioVersion = 17.2.32630.192
MinimumVisualStudioVersion = 10.0.40219.1
Project("{9A19103F-16F7-4668-BE54-9A1E7A4F7556}") = "MonoGame.Randomchaos.Interfaces", "MonoGame.Randomchaos.Interfaces\MonoGame.Randomchaos.Interfaces.csproj", "{46471972-56D8-4BF1-B467-F9524169E144}"
EndProject
Project("{9A19103F-16F7-4668-BE54-9A1E7A4F7556}") = "MonoGame.Randomchaos.Services.Interfaces", "MonoGame.Randomchaos.Services.Interfaces\MonoGame.Randomchaos.Services.Interfaces.csproj", "{C7860A77-3FCA-433D-9EC5-9957E7BFF181}"
EndProject
Project("{9A19103F-16F7-4668-BE54-9A1E7A4F7556}") = "MonoGame.Randomchaos.Services.Noise", "MonoGame.Randomchaos.Services.Noise\MonoGame.Randomchaos.Services.Noise.csproj", "{361BDCB4-3109-47E8-9700-A34E6A8A30A7}"
EndProject
Project("{9A19103F-16F7-4668-BE54-9A1E7A4F7556}") = "MonoGame.Randomchaos.Services.Audio", "MonoGame.Randomchaos.Services.Audio\MonoGame.Randomchaos.Services.Audio.csproj", "{5821584C-F5DF-4D36-8216-529CDE7F4E69}"
EndProject
Project("{9A19103F-16F7-4668-BE54-9A1E7A4F7556}") = "MonoGame.Randomchaos.Services.Camera", "MonoGame.Randomchaos.Services.Camera\MonoGame.Randomchaos.Services.Camera.csproj", "{B67291C3-23B9-4D21-9C35-46F6F547276C}"
EndProject
Project("{9A19103F-16F7-4668-BE54-9A1E7A4F7556}") = "MonoGame.Randomchaos.Services.Coroutine", "MonoGame.Randomchaos.Services.Coroutine\MonoGame.Randomchaos.Services.Coroutine.csproj", "{9FE36834-7456-478F-8A14-382E5A6CE19D}"
EndProject
Project("{9A19103F-16F7-4668-BE54-9A1E7A4F7556}") = "MonoGame.Randomchaos.Services.Encryption", "MonoGame.Randomchaos.Services.Encryption\MonoGame.Randomchaos.Services.Encryption.csproj", "{D4546A57-CD8F-41E5-B1BD-1A970C9AB0CA}"
EndProject
Project("{9A19103F-16F7-4668-BE54-9A1E7A4F7556}") = "MonoGame.Randomchaos.Services.Input", "MonoGame.Randomchaos.Services.Input\MonoGame.Randomchaos.Services.Input.csproj", "{D956F365-A636-436C-A361-8838686E9177}"
EndProject
Project("{9A19103F-16F7-4668-BE54-9A1E7A4F7556}") = "MonoGame.Randomchaos.UI", "MonoGame.Randomchaos.UI\MonoGame.Randomchaos.UI.csproj", "{2170F90E-F704-4B7C-9AD8-388A8E941CF5}"
EndProject
Project("{9A19103F-16F7-4668-BE54-9A1E7A4F7556}") = "MonoGame.Randomchaos.Services.Scene", "MonoGame.Randomchaos.Services.Scene\MonoGame.Randomchaos.Services.Scene.csproj", "{A0952C20-CC9B-458B-8970-D95C68D2A4E8}"
EndProject
Project("{9A19103F-16F7-4668-BE54-9A1E7A4F7556}") = "Sample.MonoGame.Randomchaos.Services.Noise", "Sample.MonoGame.Randomchaos.Services.Noise\Sample.MonoGame.Randomchaos.Services.Noise.csproj", "{27FA718B-9EE5-4772-A82A-EB0B5CE190D1}"
EndProject
Project("{9A19103F-16F7-4668-BE54-9A1E7A4F7556}") = "Sample.MonoGame.Randomchaos.Services.Scene", "Sample.MonoGame.Randomchaos.Services.Scene\Sample.MonoGame.Randomchaos.Services.Scene.csproj", "{81610F7F-72ED-4E7F-89FE-C5BFB57B94C5}"
EndProject
Project("{9A19103F-16F7-4668-BE54-9A1E7A4F7556}") = "Samples.HardwareInstancedParticles", "Samples.HardwareInstancedParticles\Samples.HardwareInstancedParticles.csproj", "{771C3071-8389-4843-86C9-10F33A8C0817}"
EndProject
Project("{9A19103F-16F7-4668-BE54-9A1E7A4F7556}") = "MonoGame.Randomchaos.EFCore", "MonoGame.Randomchaos.Services.EFCore\MonoGame.Randomchaos.EFCore.csproj", "{B9C54714-BC8B-4BFF-BACA-D3A58DE2CAA3}"
EndProject
Project("{9A19103F-16F7-4668-BE54-9A1E7A4F7556}") = "Samples.MonoGame.Randomchaos.EFCore", "Samples.MonoGame.Randomchaos.Services.EFCore\Samples.MonoGame.Randomchaos.EFCore.csproj", "{5E8212FF-D577-4C07-A759-676673A1D499}"
EndProject
Global
	GlobalSection(SolutionConfigurationPlatforms) = preSolution
		Debug|Any CPU = Debug|Any CPU
		Release|Any CPU = Release|Any CPU
	EndGlobalSection
	GlobalSection(ProjectConfigurationPlatforms) = postSolution
		{46471972-56D8-4BF1-B467-F9524169E144}.Debug|Any CPU.ActiveCfg = Debug|Any CPU
		{46471972-56D8-4BF1-B467-F9524169E144}.Debug|Any CPU.Build.0 = Debug|Any CPU
		{46471972-56D8-4BF1-B467-F9524169E144}.Release|Any CPU.ActiveCfg = Release|Any CPU
		{46471972-56D8-4BF1-B467-F9524169E144}.Release|Any CPU.Build.0 = Release|Any CPU
		{C7860A77-3FCA-433D-9EC5-9957E7BFF181}.Debug|Any CPU.ActiveCfg = Debug|Any CPU
		{C7860A77-3FCA-433D-9EC5-9957E7BFF181}.Debug|Any CPU.Build.0 = Debug|Any CPU
		{C7860A77-3FCA-433D-9EC5-9957E7BFF181}.Release|Any CPU.ActiveCfg = Release|Any CPU
		{C7860A77-3FCA-433D-9EC5-9957E7BFF181}.Release|Any CPU.Build.0 = Release|Any CPU
		{361BDCB4-3109-47E8-9700-A34E6A8A30A7}.Debug|Any CPU.ActiveCfg = Debug|Any CPU
		{361BDCB4-3109-47E8-9700-A34E6A8A30A7}.Debug|Any CPU.Build.0 = Debug|Any CPU
		{361BDCB4-3109-47E8-9700-A34E6A8A30A7}.Release|Any CPU.ActiveCfg = Release|Any CPU
		{361BDCB4-3109-47E8-9700-A34E6A8A30A7}.Release|Any CPU.Build.0 = Release|Any CPU
		{5821584C-F5DF-4D36-8216-529CDE7F4E69}.Debug|Any CPU.ActiveCfg = Debug|Any CPU
		{5821584C-F5DF-4D36-8216-529CDE7F4E69}.Debug|Any CPU.Build.0 = Debug|Any CPU
		{5821584C-F5DF-4D36-8216-529CDE7F4E69}.Release|Any CPU.ActiveCfg = Release|Any CPU
		{5821584C-F5DF-4D36-8216-529CDE7F4E69}.Release|Any CPU.Build.0 = Release|Any CPU
		{B67291C3-23B9-4D21-9C35-46F6F547276C}.Debug|Any CPU.ActiveCfg = Debug|Any CPU
		{B67291C3-23B9-4D21-9C35-46F6F547276C}.Debug|Any CPU.Build.0 = Debug|Any CPU
		{B67291C3-23B9-4D21-9C35-46F6F547276C}.Release|Any CPU.ActiveCfg = Release|Any CPU
		{B67291C3-23B9-4D21-9C35-46F6F547276C}.Release|Any CPU.Build.0 = Release|Any CPU
		{9FE36834-7456-478F-8A14-382E5A6CE19D}.Debug|Any CPU.ActiveCfg = Debug|Any CPU
		{9FE36834-7456-478F-8A14-382E5A6CE19D}.Debug|Any CPU.Build.0 = Debug|Any CPU
		{9FE36834-7456-478F-8A14-382E5A6CE19D}.Release|Any CPU.ActiveCfg = Release|Any CPU
		{9FE36834-7456-478F-8A14-382E5A6CE19D}.Release|Any CPU.Build.0 = Release|Any CPU
		{D4546A57-CD8F-41E5-B1BD-1A970C9AB0CA}.Debug|Any CPU.ActiveCfg = Debug|Any CPU
		{D4546A57-CD8F-41E5-B1BD-1A970C9AB0CA}.Debug|Any CPU.Build.0 = Debug|Any CPU
		{D4546A57-CD8F-41E5-B1BD-1A970C9AB0CA}.Release|Any CPU.ActiveCfg = Release|Any CPU
		{D4546A57-CD8F-41E5-B1BD-1A970C9AB0CA}.Release|Any CPU.Build.0 = Release|Any CPU
		{D956F365-A636-436C-A361-8838686E9177}.Debug|Any CPU.ActiveCfg = Debug|Any CPU
		{D956F365-A636-436C-A361-8838686E9177}.Debug|Any CPU.Build.0 = Debug|Any CPU
		{D956F365-A636-436C-A361-8838686E9177}.Release|Any CPU.ActiveCfg = Release|Any CPU
		{D956F365-A636-436C-A361-8838686E9177}.Release|Any CPU.Build.0 = Release|Any CPU
		{2170F90E-F704-4B7C-9AD8-388A8E941CF5}.Debug|Any CPU.ActiveCfg = Debug|Any CPU
		{2170F90E-F704-4B7C-9AD8-388A8E941CF5}.Debug|Any CPU.Build.0 = Debug|Any CPU
		{2170F90E-F704-4B7C-9AD8-388A8E941CF5}.Release|Any CPU.ActiveCfg = Release|Any CPU
		{2170F90E-F704-4B7C-9AD8-388A8E941CF5}.Release|Any CPU.Build.0 = Release|Any CPU
		{A0952C20-CC9B-458B-8970-D95C68D2A4E8}.Debug|Any CPU.ActiveCfg = Debug|Any CPU
		{A0952C20-CC9B-458B-8970-D95C68D2A4E8}.Debug|Any CPU.Build.0 = Debug|Any CPU
		{A0952C20-CC9B-458B-8970-D95C68D2A4E8}.Release|Any CPU.ActiveCfg = Release|Any CPU
		{A0952C20-CC9B-458B-8970-D95C68D2A4E8}.Release|Any CPU.Build.0 = Release|Any CPU
		{27FA718B-9EE5-4772-A82A-EB0B5CE190D1}.Debug|Any CPU.ActiveCfg = Debug|Any CPU
		{27FA718B-9EE5-4772-A82A-EB0B5CE190D1}.Debug|Any CPU.Build.0 = Debug|Any CPU
		{27FA718B-9EE5-4772-A82A-EB0B5CE190D1}.Release|Any CPU.ActiveCfg = Release|Any CPU
		{27FA718B-9EE5-4772-A82A-EB0B5CE190D1}.Release|Any CPU.Build.0 = Release|Any CPU
		{81610F7F-72ED-4E7F-89FE-C5BFB57B94C5}.Debug|Any CPU.ActiveCfg = Debug|Any CPU
		{81610F7F-72ED-4E7F-89FE-C5BFB57B94C5}.Debug|Any CPU.Build.0 = Debug|Any CPU
		{81610F7F-72ED-4E7F-89FE-C5BFB57B94C5}.Release|Any CPU.ActiveCfg = Release|Any CPU
		{81610F7F-72ED-4E7F-89FE-C5BFB57B94C5}.Release|Any CPU.Build.0 = Release|Any CPU
		{771C3071-8389-4843-86C9-10F33A8C0817}.Debug|Any CPU.ActiveCfg = Debug|Any CPU
		{771C3071-8389-4843-86C9-10F33A8C0817}.Debug|Any CPU.Build.0 = Debug|Any CPU
		{771C3071-8389-4843-86C9-10F33A8C0817}.Release|Any CPU.ActiveCfg = Release|Any CPU
		{771C3071-8389-4843-86C9-10F33A8C0817}.Release|Any CPU.Build.0 = Release|Any CPU
		{B9C54714-BC8B-4BFF-BACA-D3A58DE2CAA3}.Debug|Any CPU.ActiveCfg = Debug|Any CPU
		{B9C54714-BC8B-4BFF-BACA-D3A58DE2CAA3}.Debug|Any CPU.Build.0 = Debug|Any CPU
		{B9C54714-BC8B-4BFF-BACA-D3A58DE2CAA3}.Release|Any CPU.ActiveCfg = Release|Any CPU
		{B9C54714-BC8B-4BFF-BACA-D3A58DE2CAA3}.Release|Any CPU.Build.0 = Release|Any CPU
		{5E8212FF-D577-4C07-A759-676673A1D499}.Debug|Any CPU.ActiveCfg = Debug|Any CPU
		{5E8212FF-D577-4C07-A759-676673A1D499}.Debug|Any CPU.Build.0 = Debug|Any CPU
		{5E8212FF-D577-4C07-A759-676673A1D499}.Release|Any CPU.ActiveCfg = Release|Any CPU
		{5E8212FF-D577-4C07-A759-676673A1D499}.Release|Any CPU.Build.0 = Release|Any CPU
	EndGlobalSection
	GlobalSection(SolutionProperties) = preSolution
		HideSolutionNode = FALSE
	EndGlobalSection
	GlobalSection(ExtensibilityGlobals) = postSolution
		SolutionGuid = {C3874550-0DE2-457B-BB59-69565E508597}
	EndGlobalSection
EndGlobal
