
Microsoft Visual Studio Solution File, Format Version 12.00
# Visual Studio Version 17
VisualStudioVersion = 17.5.33516.290
MinimumVisualStudioVersion = 10.0.40219.1
Project("{9A19103F-16F7-4668-BE54-9A1E7A4F7556}") = "MonoGame.Randomchaos.Interfaces", "MonoGame.Randomchaos.Interfaces\MonoGame.Randomchaos.Interfaces.csproj", "{46471972-56D8-4BF1-B467-F9524169E144}"
EndProject
Project("{9A19103F-16F7-4668-BE54-9A1E7A4F7556}") = "MonoGame.Randomchaos.Services.Interfaces", "MonoGame.Randomchaos.Services.Interfaces\MonoGame.Randomchaos.Services.Interfaces.csproj", "{C7860A77-3FCA-433D-9EC5-9957E7BFF181}"
EndProject
Project("{9A19103F-16F7-4668-BE54-9A1E7A4F7556}") = "MonoGame.Randomchaos.Services.Noise", "MonoGame.Randomchaos.Services.Noise\MonoGame.Randomchaos.Services.Noise.csproj", "{361BDCB4-3109-47E8-9700-A34E6A8A30A7}"
EndProject
Project("{9A19103F-16F7-4668-BE54-9A1E7A4F7556}") = "MonoGame.Randomchaos.Services.Audio", "MonoGame.Randomchaos.Services.Audio\MonoGame.Randomchaos.Services.Audio.csproj", "{5821584C-F5DF-4D36-8216-529CDE7F4E69}"
EndProject
Project("{9A19103F-16F7-4668-BE54-9A1E7A4F7556}") = "MonoGame.Randomchaos.Services.Camera", "MonoGame.Randomchaos.Services.Camera\MonoGame.Randomchaos.Services.Camera.csproj", "{B67291C3-23B9-4D21-9C35-46F6F547276C}"
EndProject
Project("{9A19103F-16F7-4668-BE54-9A1E7A4F7556}") = "MonoGame.Randomchaos.Services.Coroutine", "MonoGame.Randomchaos.Services.Coroutine\MonoGame.Randomchaos.Services.Coroutine.csproj", "{9FE36834-7456-478F-8A14-382E5A6CE19D}"
EndProject
Project("{9A19103F-16F7-4668-BE54-9A1E7A4F7556}") = "MonoGame.Randomchaos.Services.Encryption", "MonoGame.Randomchaos.Services.Encryption\MonoGame.Randomchaos.Services.Encryption.csproj", "{D4546A57-CD8F-41E5-B1BD-1A970C9AB0CA}"
EndProject
Project("{9A19103F-16F7-4668-BE54-9A1E7A4F7556}") = "MonoGame.Randomchaos.Services.Input", "MonoGame.Randomchaos.Services.Input\MonoGame.Randomchaos.Services.Input.csproj", "{D956F365-A636-436C-A361-8838686E9177}"
EndProject
Project("{9A19103F-16F7-4668-BE54-9A1E7A4F7556}") = "MonoGame.Randomchaos.UI", "MonoGame.Randomchaos.UI\MonoGame.Randomchaos.UI.csproj", "{2170F90E-F704-4B7C-9AD8-388A8E941CF5}"
EndProject
Project("{9A19103F-16F7-4668-BE54-9A1E7A4F7556}") = "MonoGame.Randomchaos.Services.Scene", "MonoGame.Randomchaos.Services.Scene\MonoGame.Randomchaos.Services.Scene.csproj", "{A0952C20-CC9B-458B-8970-D95C68D2A4E8}"
EndProject
Project("{9A19103F-16F7-4668-BE54-9A1E7A4F7556}") = "Sample.MonoGame.Randomchaos.Services.Noise", "Sample.MonoGame.Randomchaos.Services.Noise\Sample.MonoGame.Randomchaos.Services.Noise.csproj", "{27FA718B-9EE5-4772-A82A-EB0B5CE190D1}"
EndProject
Project("{9A19103F-16F7-4668-BE54-9A1E7A4F7556}") = "Sample.MonoGame.Randomchaos.Services.Scene", "Sample.MonoGame.Randomchaos.Services.Scene\Sample.MonoGame.Randomchaos.Services.Scene.csproj", "{81610F7F-72ED-4E7F-89FE-C5BFB57B94C5}"
EndProject
Project("{9A19103F-16F7-4668-BE54-9A1E7A4F7556}") = "Samples.HardwareInstancedParticles", "Samples.HardwareInstancedParticles\Samples.HardwareInstancedParticles.csproj", "{771C3071-8389-4843-86C9-10F33A8C0817}"
EndProject
Project("{9A19103F-16F7-4668-BE54-9A1E7A4F7556}") = "MonoGame.Randomchaos.EFCore", "MonoGame.Randomchaos.EFCore\MonoGame.Randomchaos.EFCore.csproj", "{9F5DE262-E100-4F4F-A1BC-293183EF42A2}"
EndProject
Project("{9A19103F-16F7-4668-BE54-9A1E7A4F7556}") = "Samples.MonoGame.Randomchaos.EFCore", "Samples.MonoGame.Randomchaos.EFCore\Samples.MonoGame.Randomchaos.EFCore.csproj", "{9D54C293-4639-4706-AF75-9277DD542B7D}"
EndProject
Project("{9A19103F-16F7-4668-BE54-9A1E7A4F7556}") = "MonoGame.Randomchaos.Physics", "MonoGame.Randomchaos.Physics\MonoGame.Randomchaos.Physics.csproj", "{DEA62593-B7F2-44B7-808E-2F50DB1D26F0}"
EndProject
Project("{9A19103F-16F7-4668-BE54-9A1E7A4F7556}") = "Samples.MonoGame.Randomchaos.Physics", "Samples.MonoGame.Randomchaos.Physics\Samples.MonoGame.Randomchaos.Physics.csproj", "{408D6C57-6D1E-4D70-BB6D-05E77C1B5D1F}"
EndProject
Project("{9A19103F-16F7-4668-BE54-9A1E7A4F7556}") = "MonoGame.Randomchaos.Primitives3D", "MonoGame.Randomchaos.Primitives3D\MonoGame.Randomchaos.Primitives3D.csproj", "{82598F7D-5AB4-49B4-8050-205BCADFB238}"
EndProject
Project("{9A19103F-16F7-4668-BE54-9A1E7A4F7556}") = "Samples.MonoGame.Randomchaos.Primitives3D", "Samples.MonoGame.Randomchaos.Primitives3D\Samples.MonoGame.Randomchaos.Primitives3D.csproj", "{798B4ECE-DD79-4541-A845-31DFB1F661CE}"
EndProject
Project("{9A19103F-16F7-4668-BE54-9A1E7A4F7556}") = "Samples.MonoGame.Randomchaos.Windows.Audio", "Samples.MonoGame.Randomchaos.Windows.Audio\Samples.MonoGame.Randomchaos.Windows.Audio.csproj", "{BC158668-57EF-4683-9D64-9B6777BD796C}"
EndProject
Project("{9A19103F-16F7-4668-BE54-9A1E7A4F7556}") = "MonoGame.Randomchaos.PostProcessing", "MonoGame.Randomchaos.PostProcessing\MonoGame.Randomchaos.PostProcessing.csproj", "{A83656FE-267E-4650-AE12-3412A5AA0CD9}"
EndProject
Project("{9A19103F-16F7-4668-BE54-9A1E7A4F7556}") = "Samples.MonoGame.Randomchaos.PostProcessing", "Samples.MonoGame.Randomchaos.PostProcessing\Samples.MonoGame.Randomchaos.PostProcessing.csproj", "{15EF4EBC-CDD2-4CBC-91B0-F23EF90287B1}"
EndProject
Project("{2150E333-8FDC-42A3-9474-1A3956D46DE8}") = "Samples", "Samples", "{3B90FD13-7B2B-41A7-A38B-EA854A03EB07}"
EndProject
Project("{2150E333-8FDC-42A3-9474-1A3956D46DE8}") = "Templates", "Templates", "{364C5727-124A-4E1D-8E9D-2558ED27C0E8}"
EndProject
Project("{9A19103F-16F7-4668-BE54-9A1E7A4F7556}") = "MonoGame.Randomchaos.Extensions", "MonoGame.Randomchaos.Extensions\MonoGame.Randomchaos.Extensions.csproj", "{EA40660B-4D3B-450C-B3E6-FFBFF2445B4F}"
EndProject
Project("{9A19103F-16F7-4668-BE54-9A1E7A4F7556}") = "MonoGame.Randomchaos.Templates", "Templates\MonoGame.Randomchaos.Templates.csproj", "{9AE1A764-E200-4F0F-9D67-18E8C2A81D7F}"
EndProject
Project("{9A19103F-16F7-4668-BE54-9A1E7A4F7556}") = "MonoGame.Randomchaos.KestrelServer", "MonoGame.Randomchaos.KestrelServer\MonoGame.Randomchaos.KestrelServer.csproj", "{2750FF21-DDD8-4CB3-B40E-DB9BEE11F904}"
EndProject
Project("{9A19103F-16F7-4668-BE54-9A1E7A4F7556}") = "Sample.MonoGame.Randomchaos.KestrelServer", "Sample.MonoGame.Randomchaos.KestrelServer\Sample.MonoGame.Randomchaos.KestrelServer.csproj", "{A49F667F-1B5A-4743-958F-9C03467BB954}"
EndProject
Project("{9A19103F-16F7-4668-BE54-9A1E7A4F7556}") = "MonoGame.Randomchaos.Jwt", "MonoGame.Randomchaos.Jwt\MonoGame.Randomchaos.Jwt.csproj", "{6F743DB0-56DD-44C7-8A39-34FE7ED516F1}"
EndProject
Project("{9A19103F-16F7-4668-BE54-9A1E7A4F7556}") = "SampleMonoGame.Randomchaos.Services.P2P", "SampleMonoGame.Randomchaos.Services.P2P\SampleMonoGame.Randomchaos.Services.P2P.csproj", "{9BE13BA8-AD6A-456C-9A84-8D8AD4E5C1FB}"
EndProject
Project("{9A19103F-16F7-4668-BE54-9A1E7A4F7556}") = "MonoGame.Randomchaos.Services.P2P", "MonoGame.Randomchaos.Services.P2P\MonoGame.Randomchaos.Services.P2P.csproj", "{064BB81F-2E4B-46B0-8387-60C8E6765CC9}"
EndProject
Project("{9A19103F-16F7-4668-BE54-9A1E7A4F7556}") = "Sample.MonoGme.Randomchaos.Animation2D", "Sample.MonoGme.Randomchaos.Animation2D\Sample.MonoGme.Randomchaos.Animation2D.csproj", "{66C9B1EF-7FBD-4504-96AC-B8F1CA5485CE}"
EndProject
Project("{2150E333-8FDC-42A3-9474-1A3956D46DE8}") = "ContentPipelineExtensions", "ContentPipelineExtensions", "{F15847CC-4E20-4A33-B112-E2300ECD61D3}"
EndProject
Project("{9A19103F-16F7-4668-BE54-9A1E7A4F7556}") = "MonoGame.Randomchaos.ContentPipelineExtensions", "MonoGame.Randomchaos.ContentPipelineExtensions\MonoGame.Randomchaos.ContentPipelineExtensions.csproj", "{9B336FAF-D780-4A3E-80A1-826E95471AD3}"
EndProject
Project("{9A19103F-16F7-4668-BE54-9A1E7A4F7556}") = "MonoGame.Randomchaos.Animation", "MonoGame.Randomchaos.Animation\MonoGame.Randomchaos.Animation.csproj", "{1459FDDC-B1B7-49C8-8FD5-3DC0DB4E4C3E}"
EndProject
Project("{FAE04EC0-301F-11D3-BF4B-00C04F79EFBC}") = "Sample.MonoGme.Randomchaos.Animation3D", "Sample.MonoGme.Randomchaos.Animation3D\Sample.MonoGme.Randomchaos.Animation3D.csproj", "{6471B04B-8290-438C-AFA4-7F138E53918B}"
EndProject
Global
	GlobalSection(SolutionConfigurationPlatforms) = preSolution
		Debug|Any CPU = Debug|Any CPU
		Release|Any CPU = Release|Any CPU
	EndGlobalSection
	GlobalSection(ProjectConfigurationPlatforms) = postSolution
		{46471972-56D8-4BF1-B467-F9524169E144}.Debug|Any CPU.ActiveCfg = Debug|Any CPU
		{46471972-56D8-4BF1-B467-F9524169E144}.Debug|Any CPU.Build.0 = Debug|Any CPU
		{46471972-56D8-4BF1-B467-F9524169E144}.Release|Any CPU.ActiveCfg = Release|Any CPU
		{46471972-56D8-4BF1-B467-F9524169E144}.Release|Any CPU.Build.0 = Release|Any CPU
		{C7860A77-3FCA-433D-9EC5-9957E7BFF181}.Debug|Any CPU.ActiveCfg = Debug|Any CPU
		{C7860A77-3FCA-433D-9EC5-9957E7BFF181}.Debug|Any CPU.Build.0 = Debug|Any CPU
		{C7860A77-3FCA-433D-9EC5-9957E7BFF181}.Release|Any CPU.ActiveCfg = Release|Any CPU
		{C7860A77-3FCA-433D-9EC5-9957E7BFF181}.Release|Any CPU.Build.0 = Release|Any CPU
		{361BDCB4-3109-47E8-9700-A34E6A8A30A7}.Debug|Any CPU.ActiveCfg = Debug|Any CPU
		{361BDCB4-3109-47E8-9700-A34E6A8A30A7}.Debug|Any CPU.Build.0 = Debug|Any CPU
		{361BDCB4-3109-47E8-9700-A34E6A8A30A7}.Release|Any CPU.ActiveCfg = Release|Any CPU
		{361BDCB4-3109-47E8-9700-A34E6A8A30A7}.Release|Any CPU.Build.0 = Release|Any CPU
		{5821584C-F5DF-4D36-8216-529CDE7F4E69}.Debug|Any CPU.ActiveCfg = Debug|Any CPU
		{5821584C-F5DF-4D36-8216-529CDE7F4E69}.Debug|Any CPU.Build.0 = Debug|Any CPU
		{5821584C-F5DF-4D36-8216-529CDE7F4E69}.Release|Any CPU.ActiveCfg = Release|Any CPU
		{5821584C-F5DF-4D36-8216-529CDE7F4E69}.Release|Any CPU.Build.0 = Release|Any CPU
		{B67291C3-23B9-4D21-9C35-46F6F547276C}.Debug|Any CPU.ActiveCfg = Debug|Any CPU
		{B67291C3-23B9-4D21-9C35-46F6F547276C}.Debug|Any CPU.Build.0 = Debug|Any CPU
		{B67291C3-23B9-4D21-9C35-46F6F547276C}.Release|Any CPU.ActiveCfg = Release|Any CPU
		{B67291C3-23B9-4D21-9C35-46F6F547276C}.Release|Any CPU.Build.0 = Release|Any CPU
		{9FE36834-7456-478F-8A14-382E5A6CE19D}.Debug|Any CPU.ActiveCfg = Debug|Any CPU
		{9FE36834-7456-478F-8A14-382E5A6CE19D}.Debug|Any CPU.Build.0 = Debug|Any CPU
		{9FE36834-7456-478F-8A14-382E5A6CE19D}.Release|Any CPU.ActiveCfg = Release|Any CPU
		{9FE36834-7456-478F-8A14-382E5A6CE19D}.Release|Any CPU.Build.0 = Release|Any CPU
		{D4546A57-CD8F-41E5-B1BD-1A970C9AB0CA}.Debug|Any CPU.ActiveCfg = Debug|Any CPU
		{D4546A57-CD8F-41E5-B1BD-1A970C9AB0CA}.Debug|Any CPU.Build.0 = Debug|Any CPU
		{D4546A57-CD8F-41E5-B1BD-1A970C9AB0CA}.Release|Any CPU.ActiveCfg = Release|Any CPU
		{D4546A57-CD8F-41E5-B1BD-1A970C9AB0CA}.Release|Any CPU.Build.0 = Release|Any CPU
		{D956F365-A636-436C-A361-8838686E9177}.Debug|Any CPU.ActiveCfg = Debug|Any CPU
		{D956F365-A636-436C-A361-8838686E9177}.Debug|Any CPU.Build.0 = Debug|Any CPU
		{D956F365-A636-436C-A361-8838686E9177}.Release|Any CPU.ActiveCfg = Release|Any CPU
		{D956F365-A636-436C-A361-8838686E9177}.Release|Any CPU.Build.0 = Release|Any CPU
		{2170F90E-F704-4B7C-9AD8-388A8E941CF5}.Debug|Any CPU.ActiveCfg = Debug|Any CPU
		{2170F90E-F704-4B7C-9AD8-388A8E941CF5}.Debug|Any CPU.Build.0 = Debug|Any CPU
		{2170F90E-F704-4B7C-9AD8-388A8E941CF5}.Release|Any CPU.ActiveCfg = Release|Any CPU
		{2170F90E-F704-4B7C-9AD8-388A8E941CF5}.Release|Any CPU.Build.0 = Release|Any CPU
		{A0952C20-CC9B-458B-8970-D95C68D2A4E8}.Debug|Any CPU.ActiveCfg = Debug|Any CPU
		{A0952C20-CC9B-458B-8970-D95C68D2A4E8}.Debug|Any CPU.Build.0 = Debug|Any CPU
		{A0952C20-CC9B-458B-8970-D95C68D2A4E8}.Release|Any CPU.ActiveCfg = Release|Any CPU
		{A0952C20-CC9B-458B-8970-D95C68D2A4E8}.Release|Any CPU.Build.0 = Release|Any CPU
		{27FA718B-9EE5-4772-A82A-EB0B5CE190D1}.Debug|Any CPU.ActiveCfg = Debug|Any CPU
		{27FA718B-9EE5-4772-A82A-EB0B5CE190D1}.Debug|Any CPU.Build.0 = Debug|Any CPU
		{27FA718B-9EE5-4772-A82A-EB0B5CE190D1}.Release|Any CPU.ActiveCfg = Release|Any CPU
		{27FA718B-9EE5-4772-A82A-EB0B5CE190D1}.Release|Any CPU.Build.0 = Release|Any CPU
		{81610F7F-72ED-4E7F-89FE-C5BFB57B94C5}.Debug|Any CPU.ActiveCfg = Debug|Any CPU
		{81610F7F-72ED-4E7F-89FE-C5BFB57B94C5}.Debug|Any CPU.Build.0 = Debug|Any CPU
		{81610F7F-72ED-4E7F-89FE-C5BFB57B94C5}.Release|Any CPU.ActiveCfg = Release|Any CPU
		{81610F7F-72ED-4E7F-89FE-C5BFB57B94C5}.Release|Any CPU.Build.0 = Release|Any CPU
		{771C3071-8389-4843-86C9-10F33A8C0817}.Debug|Any CPU.ActiveCfg = Debug|Any CPU
		{771C3071-8389-4843-86C9-10F33A8C0817}.Debug|Any CPU.Build.0 = Debug|Any CPU
		{771C3071-8389-4843-86C9-10F33A8C0817}.Release|Any CPU.ActiveCfg = Release|Any CPU
		{771C3071-8389-4843-86C9-10F33A8C0817}.Release|Any CPU.Build.0 = Release|Any CPU
		{9F5DE262-E100-4F4F-A1BC-293183EF42A2}.Debug|Any CPU.ActiveCfg = Debug|Any CPU
		{9F5DE262-E100-4F4F-A1BC-293183EF42A2}.Debug|Any CPU.Build.0 = Debug|Any CPU
		{9F5DE262-E100-4F4F-A1BC-293183EF42A2}.Release|Any CPU.ActiveCfg = Release|Any CPU
		{9F5DE262-E100-4F4F-A1BC-293183EF42A2}.Release|Any CPU.Build.0 = Release|Any CPU
		{9D54C293-4639-4706-AF75-9277DD542B7D}.Debug|Any CPU.ActiveCfg = Debug|Any CPU
		{9D54C293-4639-4706-AF75-9277DD542B7D}.Debug|Any CPU.Build.0 = Debug|Any CPU
		{9D54C293-4639-4706-AF75-9277DD542B7D}.Release|Any CPU.ActiveCfg = Release|Any CPU
		{9D54C293-4639-4706-AF75-9277DD542B7D}.Release|Any CPU.Build.0 = Release|Any CPU
		{DEA62593-B7F2-44B7-808E-2F50DB1D26F0}.Debug|Any CPU.ActiveCfg = Debug|Any CPU
		{DEA62593-B7F2-44B7-808E-2F50DB1D26F0}.Debug|Any CPU.Build.0 = Debug|Any CPU
		{DEA62593-B7F2-44B7-808E-2F50DB1D26F0}.Release|Any CPU.ActiveCfg = Release|Any CPU
		{DEA62593-B7F2-44B7-808E-2F50DB1D26F0}.Release|Any CPU.Build.0 = Release|Any CPU
		{408D6C57-6D1E-4D70-BB6D-05E77C1B5D1F}.Debug|Any CPU.ActiveCfg = Debug|Any CPU
		{408D6C57-6D1E-4D70-BB6D-05E77C1B5D1F}.Debug|Any CPU.Build.0 = Debug|Any CPU
		{408D6C57-6D1E-4D70-BB6D-05E77C1B5D1F}.Release|Any CPU.ActiveCfg = Release|Any CPU
		{408D6C57-6D1E-4D70-BB6D-05E77C1B5D1F}.Release|Any CPU.Build.0 = Release|Any CPU
		{82598F7D-5AB4-49B4-8050-205BCADFB238}.Debug|Any CPU.ActiveCfg = Debug|Any CPU
		{82598F7D-5AB4-49B4-8050-205BCADFB238}.Debug|Any CPU.Build.0 = Debug|Any CPU
		{82598F7D-5AB4-49B4-8050-205BCADFB238}.Release|Any CPU.ActiveCfg = Release|Any CPU
		{82598F7D-5AB4-49B4-8050-205BCADFB238}.Release|Any CPU.Build.0 = Release|Any CPU
		{798B4ECE-DD79-4541-A845-31DFB1F661CE}.Debug|Any CPU.ActiveCfg = Debug|Any CPU
		{798B4ECE-DD79-4541-A845-31DFB1F661CE}.Debug|Any CPU.Build.0 = Debug|Any CPU
		{798B4ECE-DD79-4541-A845-31DFB1F661CE}.Release|Any CPU.ActiveCfg = Release|Any CPU
		{798B4ECE-DD79-4541-A845-31DFB1F661CE}.Release|Any CPU.Build.0 = Release|Any CPU
		{BC158668-57EF-4683-9D64-9B6777BD796C}.Debug|Any CPU.ActiveCfg = Debug|Any CPU
		{BC158668-57EF-4683-9D64-9B6777BD796C}.Debug|Any CPU.Build.0 = Debug|Any CPU
		{BC158668-57EF-4683-9D64-9B6777BD796C}.Release|Any CPU.ActiveCfg = Release|Any CPU
		{BC158668-57EF-4683-9D64-9B6777BD796C}.Release|Any CPU.Build.0 = Release|Any CPU
		{A83656FE-267E-4650-AE12-3412A5AA0CD9}.Debug|Any CPU.ActiveCfg = Debug|Any CPU
		{A83656FE-267E-4650-AE12-3412A5AA0CD9}.Debug|Any CPU.Build.0 = Debug|Any CPU
		{A83656FE-267E-4650-AE12-3412A5AA0CD9}.Release|Any CPU.ActiveCfg = Release|Any CPU
		{A83656FE-267E-4650-AE12-3412A5AA0CD9}.Release|Any CPU.Build.0 = Release|Any CPU
		{15EF4EBC-CDD2-4CBC-91B0-F23EF90287B1}.Debug|Any CPU.ActiveCfg = Debug|Any CPU
		{15EF4EBC-CDD2-4CBC-91B0-F23EF90287B1}.Debug|Any CPU.Build.0 = Debug|Any CPU
		{15EF4EBC-CDD2-4CBC-91B0-F23EF90287B1}.Release|Any CPU.ActiveCfg = Release|Any CPU
		{15EF4EBC-CDD2-4CBC-91B0-F23EF90287B1}.Release|Any CPU.Build.0 = Release|Any CPU
		{EA40660B-4D3B-450C-B3E6-FFBFF2445B4F}.Debug|Any CPU.ActiveCfg = Debug|Any CPU
		{EA40660B-4D3B-450C-B3E6-FFBFF2445B4F}.Debug|Any CPU.Build.0 = Debug|Any CPU
		{EA40660B-4D3B-450C-B3E6-FFBFF2445B4F}.Release|Any CPU.ActiveCfg = Release|Any CPU
		{EA40660B-4D3B-450C-B3E6-FFBFF2445B4F}.Release|Any CPU.Build.0 = Release|Any CPU
		{9AE1A764-E200-4F0F-9D67-18E8C2A81D7F}.Debug|Any CPU.ActiveCfg = Debug|Any CPU
		{9AE1A764-E200-4F0F-9D67-18E8C2A81D7F}.Debug|Any CPU.Build.0 = Debug|Any CPU
		{9AE1A764-E200-4F0F-9D67-18E8C2A81D7F}.Release|Any CPU.ActiveCfg = Release|Any CPU
		{9AE1A764-E200-4F0F-9D67-18E8C2A81D7F}.Release|Any CPU.Build.0 = Release|Any CPU
		{2750FF21-DDD8-4CB3-B40E-DB9BEE11F904}.Debug|Any CPU.ActiveCfg = Debug|Any CPU
		{2750FF21-DDD8-4CB3-B40E-DB9BEE11F904}.Debug|Any CPU.Build.0 = Debug|Any CPU
		{2750FF21-DDD8-4CB3-B40E-DB9BEE11F904}.Release|Any CPU.ActiveCfg = Release|Any CPU
		{2750FF21-DDD8-4CB3-B40E-DB9BEE11F904}.Release|Any CPU.Build.0 = Release|Any CPU
		{A49F667F-1B5A-4743-958F-9C03467BB954}.Debug|Any CPU.ActiveCfg = Debug|Any CPU
		{A49F667F-1B5A-4743-958F-9C03467BB954}.Debug|Any CPU.Build.0 = Debug|Any CPU
		{A49F667F-1B5A-4743-958F-9C03467BB954}.Release|Any CPU.ActiveCfg = Release|Any CPU
		{A49F667F-1B5A-4743-958F-9C03467BB954}.Release|Any CPU.Build.0 = Release|Any CPU
		{6F743DB0-56DD-44C7-8A39-34FE7ED516F1}.Debug|Any CPU.ActiveCfg = Debug|Any CPU
		{6F743DB0-56DD-44C7-8A39-34FE7ED516F1}.Debug|Any CPU.Build.0 = Debug|Any CPU
		{6F743DB0-56DD-44C7-8A39-34FE7ED516F1}.Release|Any CPU.ActiveCfg = Release|Any CPU
		{6F743DB0-56DD-44C7-8A39-34FE7ED516F1}.Release|Any CPU.Build.0 = Release|Any CPU
		{9BE13BA8-AD6A-456C-9A84-8D8AD4E5C1FB}.Debug|Any CPU.ActiveCfg = Debug|Any CPU
		{9BE13BA8-AD6A-456C-9A84-8D8AD4E5C1FB}.Debug|Any CPU.Build.0 = Debug|Any CPU
		{9BE13BA8-AD6A-456C-9A84-8D8AD4E5C1FB}.Release|Any CPU.ActiveCfg = Release|Any CPU
		{9BE13BA8-AD6A-456C-9A84-8D8AD4E5C1FB}.Release|Any CPU.Build.0 = Release|Any CPU
		{064BB81F-2E4B-46B0-8387-60C8E6765CC9}.Debug|Any CPU.ActiveCfg = Debug|Any CPU
		{064BB81F-2E4B-46B0-8387-60C8E6765CC9}.Debug|Any CPU.Build.0 = Debug|Any CPU
		{064BB81F-2E4B-46B0-8387-60C8E6765CC9}.Release|Any CPU.ActiveCfg = Release|Any CPU
		{064BB81F-2E4B-46B0-8387-60C8E6765CC9}.Release|Any CPU.Build.0 = Release|Any CPU
		{66C9B1EF-7FBD-4504-96AC-B8F1CA5485CE}.Debug|Any CPU.ActiveCfg = Debug|Any CPU
		{66C9B1EF-7FBD-4504-96AC-B8F1CA5485CE}.Debug|Any CPU.Build.0 = Debug|Any CPU
		{66C9B1EF-7FBD-4504-96AC-B8F1CA5485CE}.Release|Any CPU.ActiveCfg = Release|Any CPU
		{66C9B1EF-7FBD-4504-96AC-B8F1CA5485CE}.Release|Any CPU.Build.0 = Release|Any CPU
		{9B336FAF-D780-4A3E-80A1-826E95471AD3}.Debug|Any CPU.ActiveCfg = Debug|Any CPU
		{9B336FAF-D780-4A3E-80A1-826E95471AD3}.Debug|Any CPU.Build.0 = Debug|Any CPU
		{9B336FAF-D780-4A3E-80A1-826E95471AD3}.Release|Any CPU.ActiveCfg = Release|Any CPU
		{9B336FAF-D780-4A3E-80A1-826E95471AD3}.Release|Any CPU.Build.0 = Release|Any CPU
		{1459FDDC-B1B7-49C8-8FD5-3DC0DB4E4C3E}.Debug|Any CPU.ActiveCfg = Debug|Any CPU
		{1459FDDC-B1B7-49C8-8FD5-3DC0DB4E4C3E}.Debug|Any CPU.Build.0 = Debug|Any CPU
		{1459FDDC-B1B7-49C8-8FD5-3DC0DB4E4C3E}.Release|Any CPU.ActiveCfg = Release|Any CPU
		{1459FDDC-B1B7-49C8-8FD5-3DC0DB4E4C3E}.Release|Any CPU.Build.0 = Release|Any CPU
		{6471B04B-8290-438C-AFA4-7F138E53918B}.Debug|Any CPU.ActiveCfg = Debug|Any CPU
		{6471B04B-8290-438C-AFA4-7F138E53918B}.Debug|Any CPU.Build.0 = Debug|Any CPU
		{6471B04B-8290-438C-AFA4-7F138E53918B}.Release|Any CPU.ActiveCfg = Release|Any CPU
		{6471B04B-8290-438C-AFA4-7F138E53918B}.Release|Any CPU.Build.0 = Release|Any CPU
	EndGlobalSection
	GlobalSection(SolutionProperties) = preSolution
		HideSolutionNode = FALSE
	EndGlobalSection
	GlobalSection(NestedProjects) = preSolution
		{27FA718B-9EE5-4772-A82A-EB0B5CE190D1} = {3B90FD13-7B2B-41A7-A38B-EA854A03EB07}
		{81610F7F-72ED-4E7F-89FE-C5BFB57B94C5} = {3B90FD13-7B2B-41A7-A38B-EA854A03EB07}
		{771C3071-8389-4843-86C9-10F33A8C0817} = {3B90FD13-7B2B-41A7-A38B-EA854A03EB07}
		{9D54C293-4639-4706-AF75-9277DD542B7D} = {3B90FD13-7B2B-41A7-A38B-EA854A03EB07}
		{408D6C57-6D1E-4D70-BB6D-05E77C1B5D1F} = {3B90FD13-7B2B-41A7-A38B-EA854A03EB07}
		{798B4ECE-DD79-4541-A845-31DFB1F661CE} = {3B90FD13-7B2B-41A7-A38B-EA854A03EB07}
		{BC158668-57EF-4683-9D64-9B6777BD796C} = {3B90FD13-7B2B-41A7-A38B-EA854A03EB07}
		{15EF4EBC-CDD2-4CBC-91B0-F23EF90287B1} = {3B90FD13-7B2B-41A7-A38B-EA854A03EB07}
		{9AE1A764-E200-4F0F-9D67-18E8C2A81D7F} = {364C5727-124A-4E1D-8E9D-2558ED27C0E8}
		{A49F667F-1B5A-4743-958F-9C03467BB954} = {3B90FD13-7B2B-41A7-A38B-EA854A03EB07}
		{9BE13BA8-AD6A-456C-9A84-8D8AD4E5C1FB} = {3B90FD13-7B2B-41A7-A38B-EA854A03EB07}
		{66C9B1EF-7FBD-4504-96AC-B8F1CA5485CE} = {3B90FD13-7B2B-41A7-A38B-EA854A03EB07}
		{9B336FAF-D780-4A3E-80A1-826E95471AD3} = {F15847CC-4E20-4A33-B112-E2300ECD61D3}
		{6471B04B-8290-438C-AFA4-7F138E53918B} = {3B90FD13-7B2B-41A7-A38B-EA854A03EB07}
	EndGlobalSection
	GlobalSection(ExtensibilityGlobals) = postSolution
		SolutionGuid = {C3874550-0DE2-457B-BB59-69565E508597}
	EndGlobalSection
EndGlobal
