
Microsoft Visual Studio Solution File, Format Version 12.00
# Visual Studio Version 16
VisualStudioVersion = 16.0.31424.327
MinimumVisualStudioVersion = 10.0.40219.1
Project("{FAE04EC0-301F-11D3-BF4B-00C04F79EFBC}") = "MonoGame.Randomchaos.Services.Noise", "MonoGame.Randomchaos.Services.Noise.csproj", "{CBBC2F7C-406F-4ADD-967C-E5EEE6EC3732}"
EndProject
Global
	GlobalSection(SolutionConfigurationPlatforms) = preSolution
		Debug|Any CPU = Debug|Any CPU
		Release|Any CPU = Release|Any CPU
	EndGlobalSection
	GlobalSection(ProjectConfigurationPlatforms) = postSolution
		{CBBC2F7C-406F-4ADD-967C-E5EEE6EC3732}.Debug|Any CPU.ActiveCfg = Debug|Any CPU
		{CBBC2F7C-406F-4ADD-967C-E5EEE6EC3732}.Debug|Any CPU.Build.0 = Debug|Any CPU
		{CBBC2F7C-406F-4ADD-967C-E5EEE6EC3732}.Release|Any CPU.ActiveCfg = Release|Any CPU
		{CBBC2F7C-406F-4ADD-967C-E5EEE6EC3732}.Release|Any CPU.Build.0 = Release|Any CPU
	EndGlobalSection
	GlobalSection(SolutionProperties) = preSolution
		HideSolutionNode = FALSE
	EndGlobalSection
	GlobalSection(ExtensibilityGlobals) = postSolution
		SolutionGuid = {58BF1B03-B6BC-4B9F-9255-3A547B969DDE}
	EndGlobalSection
EndGlobal
