
Microsoft Visual Studio Solution File, Format Version 12.00
# Visual Studio Version 16
VisualStudioVersion = 16.0.31424.327
MinimumVisualStudioVersion = 10.0.40219.1
Project("{FAE04EC0-301F-11D3-BF4B-00C04F79EFBC}") = "MonoGame.Randomchaos.Services.Input", "MonoGame.Randomchaos.Services.Input.csproj", "{83848164-B10C-4199-AB66-26DEF5A13167}"
EndProject
Global
	GlobalSection(SolutionConfigurationPlatforms) = preSolution
		Debug|Any CPU = Debug|Any CPU
		Release|Any CPU = Release|Any CPU
	EndGlobalSection
	GlobalSection(ProjectConfigurationPlatforms) = postSolution
		{83848164-B10C-4199-AB66-26DEF5A13167}.Debug|Any CPU.ActiveCfg = Debug|Any CPU
		{83848164-B10C-4199-AB66-26DEF5A13167}.Debug|Any CPU.Build.0 = Debug|Any CPU
		{83848164-B10C-4199-AB66-26DEF5A13167}.Release|Any CPU.ActiveCfg = Release|Any CPU
		{83848164-B10C-4199-AB66-26DEF5A13167}.Release|Any CPU.Build.0 = Release|Any CPU
	EndGlobalSection
	GlobalSection(SolutionProperties) = preSolution
		HideSolutionNode = FALSE
	EndGlobalSection
	GlobalSection(ExtensibilityGlobals) = postSolution
		SolutionGuid = {04FEEB14-FBC9-4F0F-808C-79E026076802}
	EndGlobalSection
EndGlobal
