
Microsoft Visual Studio Solution File, Format Version 12.00
# Visual Studio Version 16
VisualStudioVersion = 16.0.31424.327
MinimumVisualStudioVersion = 10.0.40219.1
Project("{FAE04EC0-301F-11D3-BF4B-00C04F79EFBC}") = "MonoGame.Randomchaos.Services.Audio", "MonoGame.Randomchaos.Services.Audio.csproj", "{4AA5790B-A1D5-4173-B7E6-EDAFDA35EC5D}"
EndProject
Global
	GlobalSection(SolutionConfigurationPlatforms) = preSolution
		Debug|Any CPU = Debug|Any CPU
		Release|Any CPU = Release|Any CPU
	EndGlobalSection
	GlobalSection(ProjectConfigurationPlatforms) = postSolution
		{4AA5790B-A1D5-4173-B7E6-EDAFDA35EC5D}.Debug|Any CPU.ActiveCfg = Debug|Any CPU
		{4AA5790B-A1D5-4173-B7E6-EDAFDA35EC5D}.Debug|Any CPU.Build.0 = Debug|Any CPU
		{4AA5790B-A1D5-4173-B7E6-EDAFDA35EC5D}.Release|Any CPU.ActiveCfg = Release|Any CPU
		{4AA5790B-A1D5-4173-B7E6-EDAFDA35EC5D}.Release|Any CPU.Build.0 = Release|Any CPU
	EndGlobalSection
	GlobalSection(SolutionProperties) = preSolution
		HideSolutionNode = FALSE
	EndGlobalSection
	GlobalSection(ExtensibilityGlobals) = postSolution
		SolutionGuid = {54B66B4E-CD42-4873-B7E8-898692330F97}
	EndGlobalSection
EndGlobal
